
Microsoft Visual Studio Solution File, Format Version 12.00
# Visual Studio Version 17
VisualStudioVersion = 17.5.002.0
MinimumVisualStudioVersion = 10.0.40219.1
Project("{9A19103F-16F7-4668-BE54-9A1E7A4F7556}") = "ThamcoProducts", "ThamcoProducts\ThamcoProducts.csproj", "{58F1FD66-F395-4EC9-8FC3-7E2ACE17B6A8}"
EndProject
Project("{FAE04EC0-301F-11D3-BF4B-00C04F79EFBC}") = "ThamcoProductsTest", "ThamcoProductsTest\ThamcoProductsTest.csproj", "{DEA67065-3D3D-44A5-8132-A4437A424122}"
EndProject
Global
	GlobalSection(SolutionConfigurationPlatforms) = preSolution
		Debug|Any CPU = Debug|Any CPU
		Release|Any CPU = Release|Any CPU
	EndGlobalSection
	GlobalSection(ProjectConfigurationPlatforms) = postSolution
		{58F1FD66-F395-4EC9-8FC3-7E2ACE17B6A8}.Debug|Any CPU.ActiveCfg = Debug|Any CPU
		{58F1FD66-F395-4EC9-8FC3-7E2ACE17B6A8}.Debug|Any CPU.Build.0 = Debug|Any CPU
		{58F1FD66-F395-4EC9-8FC3-7E2ACE17B6A8}.Release|Any CPU.ActiveCfg = Release|Any CPU
		{58F1FD66-F395-4EC9-8FC3-7E2ACE17B6A8}.Release|Any CPU.Build.0 = Release|Any CPU
		{DEA67065-3D3D-44A5-8132-A4437A424122}.Debug|Any CPU.ActiveCfg = Debug|Any CPU
		{DEA67065-3D3D-44A5-8132-A4437A424122}.Debug|Any CPU.Build.0 = Debug|Any CPU
		{DEA67065-3D3D-44A5-8132-A4437A424122}.Release|Any CPU.ActiveCfg = Release|Any CPU
		{DEA67065-3D3D-44A5-8132-A4437A424122}.Release|Any CPU.Build.0 = Release|Any CPU
	EndGlobalSection
	GlobalSection(SolutionProperties) = preSolution
		HideSolutionNode = FALSE
	EndGlobalSection
	GlobalSection(ExtensibilityGlobals) = postSolution
		SolutionGuid = {38DCDBFD-0D78-4973-97C1-EBB56E1CCF3B}
	EndGlobalSection
EndGlobal
